
Microsoft Visual Studio Solution File, Format Version 12.00
# Visual Studio 15
VisualStudioVersion = 15.0.27004.2009
MinimumVisualStudioVersion = 10.0.40219.1
Project("{FAE04EC0-301F-11D3-BF4B-00C04F79EFBC}") = "WebBrowserControl.Experiment", "WebBrowserControl.Experiment\WebBrowserControl.Experiment.csproj", "{74CEF402-40B1-4744-83BF-3EBDFFE410A8}"
EndProject
Project("{FAE04EC0-301F-11D3-BF4B-00C04F79EFBC}") = "WebBrowserControl.Experiment.Streaming", "WebBrowserControl.Experiment.Streaming\WebBrowserControl.Experiment.Streaming.csproj", "{B28037C8-525B-467D-B7A2-7E1FBDED659F}"
EndProject
Global
	GlobalSection(SolutionConfigurationPlatforms) = preSolution
		Debug|Any CPU = Debug|Any CPU
		Release|Any CPU = Release|Any CPU
	EndGlobalSection
	GlobalSection(ProjectConfigurationPlatforms) = postSolution
		{74CEF402-40B1-4744-83BF-3EBDFFE410A8}.Debug|Any CPU.ActiveCfg = Debug|Any CPU
		{74CEF402-40B1-4744-83BF-3EBDFFE410A8}.Debug|Any CPU.Build.0 = Debug|Any CPU
		{74CEF402-40B1-4744-83BF-3EBDFFE410A8}.Release|Any CPU.ActiveCfg = Release|Any CPU
		{74CEF402-40B1-4744-83BF-3EBDFFE410A8}.Release|Any CPU.Build.0 = Release|Any CPU
		{B28037C8-525B-467D-B7A2-7E1FBDED659F}.Debug|Any CPU.ActiveCfg = Debug|Any CPU
		{B28037C8-525B-467D-B7A2-7E1FBDED659F}.Debug|Any CPU.Build.0 = Debug|Any CPU
		{B28037C8-525B-467D-B7A2-7E1FBDED659F}.Release|Any CPU.ActiveCfg = Release|Any CPU
		{B28037C8-525B-467D-B7A2-7E1FBDED659F}.Release|Any CPU.Build.0 = Release|Any CPU
	EndGlobalSection
	GlobalSection(SolutionProperties) = preSolution
		HideSolutionNode = FALSE
	EndGlobalSection
	GlobalSection(ExtensibilityGlobals) = postSolution
		SolutionGuid = {EA165E03-AF4A-4134-AAE2-C951FFE69C83}
	EndGlobalSection
EndGlobal
